<Solution>
  <Project Path="ByCodersChallengeDotNet.IntegrationTests/ByCodersChallengeDotNet.IntegrationTests.csproj" Id="2ae2ae8b-b72e-454a-a4be-4a36687cd419" />
  <Project Path="ByCodersChallengeDotNet.UnitTests/ByCodersChallengeDotNet.UnitTests.csproj" Id="7dc37ed1-81ab-4201-8766-50248b2d7d04" />
  <Project Path="ByCodersChallengeDotNet/ByCodersChallengeDotNet.csproj" />
</Solution>
